
Microsoft Visual Studio Solution File, Format Version 12.00
# Visual Studio Version 16
VisualStudioVersion = 16.0.30711.63
MinimumVisualStudioVersion = 10.0.40219.1
Project("{9A19103F-16F7-4668-BE54-9A1E7A4F7556}") = "UnitTest_Mock", "UnitTest_Mock\UnitTest_Mock.csproj", "{DABF9993-8DBF-42B6-9F42-196F94A46FE8}"
EndProject
Project("{FAE04EC0-301F-11D3-BF4B-00C04F79EFBC}") = "XUnitTestProject1", "XUnitTestProject1\XUnitTestProject1.csproj", "{55E738A8-2757-4ABB-864F-376876619C3C}"
EndProject
Global
	GlobalSection(SolutionConfigurationPlatforms) = preSolution
		Debug|Any CPU = Debug|Any CPU
		Release|Any CPU = Release|Any CPU
	EndGlobalSection
	GlobalSection(ProjectConfigurationPlatforms) = postSolution
		{DABF9993-8DBF-42B6-9F42-196F94A46FE8}.Debug|Any CPU.ActiveCfg = Debug|Any CPU
		{DABF9993-8DBF-42B6-9F42-196F94A46FE8}.Debug|Any CPU.Build.0 = Debug|Any CPU
		{DABF9993-8DBF-42B6-9F42-196F94A46FE8}.Release|Any CPU.ActiveCfg = Release|Any CPU
		{DABF9993-8DBF-42B6-9F42-196F94A46FE8}.Release|Any CPU.Build.0 = Release|Any CPU
		{55E738A8-2757-4ABB-864F-376876619C3C}.Debug|Any CPU.ActiveCfg = Debug|Any CPU
		{55E738A8-2757-4ABB-864F-376876619C3C}.Debug|Any CPU.Build.0 = Debug|Any CPU
		{55E738A8-2757-4ABB-864F-376876619C3C}.Release|Any CPU.ActiveCfg = Release|Any CPU
		{55E738A8-2757-4ABB-864F-376876619C3C}.Release|Any CPU.Build.0 = Release|Any CPU
	EndGlobalSection
	GlobalSection(SolutionProperties) = preSolution
		HideSolutionNode = FALSE
	EndGlobalSection
	GlobalSection(ExtensibilityGlobals) = postSolution
		SolutionGuid = {A954BFBD-C0EC-484A-83B8-BFD609ADAEF2}
	EndGlobalSection
EndGlobal
